schema: '2.0'
stages:
  download_data:
    cmd: python3 src/data/make_dataset.py
    deps:
    - path: src/data/make_dataset.py
      md5: 9d8afd2b3f416d7471b0c01af2086aea
      size: 867
    outs:
    - path: data/raw
      md5: 852464e25b156611f06961a4f5826333.dir
      size: 175758
      nfiles: 1
